
Microsoft Visual Studio Solution File, Format Version 12.00
# Visual Studio 15
VisualStudioVersion = 15.0.28307.960
MinimumVisualStudioVersion = 10.0.40219.1
Project("{FAE04EC0-301F-11D3-BF4B-00C04F79EFBC}") = "Rockola", "Rockola\Rockola.csproj", "{C0FEE631-701B-465B-844C-6157EACE527E}"
EndProject
Global
	GlobalSection(SolutionConfigurationPlatforms) = preSolution
		Debug|Any CPU = Debug|Any CPU
		Release|Any CPU = Release|Any CPU
	EndGlobalSection
	GlobalSection(ProjectConfigurationPlatforms) = postSolution
		{C0FEE631-701B-465B-844C-6157EACE527E}.Debug|Any CPU.ActiveCfg = Debug|Any CPU
		{C0FEE631-701B-465B-844C-6157EACE527E}.Debug|Any CPU.Build.0 = Debug|Any CPU
		{C0FEE631-701B-465B-844C-6157EACE527E}.Release|Any CPU.ActiveCfg = Release|Any CPU
		{C0FEE631-701B-465B-844C-6157EACE527E}.Release|Any CPU.Build.0 = Release|Any CPU
	EndGlobalSection
	GlobalSection(SolutionProperties) = preSolution
		HideSolutionNode = FALSE
	EndGlobalSection
	GlobalSection(ExtensibilityGlobals) = postSolution
		SolutionGuid = {63EC541C-FBF6-4477-AAF9-8E827D62A73E}
	EndGlobalSection
EndGlobal
